
Microsoft Visual Studio Solution File, Format Version 12.00
# Visual Studio Version 17
VisualStudioVersion = 17.13.35818.85 d17.13
MinimumVisualStudioVersion = 10.0.40219.1
Project("{FAE04EC0-301F-11D3-BF4B-00C04F79EFBC}") = "MyWebApi", "MyWebApi\MyWebApi.csproj", "{45BE9E46-507E-4B20-A716-271CE5A2C1CF}"
EndProject
Global
	GlobalSection(SolutionConfigurationPlatforms) = preSolution
		Debug|Any CPU = Debug|Any CPU
		Release|Any CPU = Release|Any CPU
	EndGlobalSection
	GlobalSection(ProjectConfigurationPlatforms) = postSolution
		{45BE9E46-507E-4B20-A716-271CE5A2C1CF}.Debug|Any CPU.ActiveCfg = Debug|Any CPU
		{45BE9E46-507E-4B20-A716-271CE5A2C1CF}.Debug|Any CPU.Build.0 = Debug|Any CPU
		{45BE9E46-507E-4B20-A716-271CE5A2C1CF}.Release|Any CPU.ActiveCfg = Release|Any CPU
		{45BE9E46-507E-4B20-A716-271CE5A2C1CF}.Release|Any CPU.Build.0 = Release|Any CPU
	EndGlobalSection
	GlobalSection(SolutionProperties) = preSolution
		HideSolutionNode = FALSE
	EndGlobalSection
	GlobalSection(ExtensibilityGlobals) = postSolution
		SolutionGuid = {6FFE4910-2221-4A99-8989-1F200A21892A}
	EndGlobalSection
EndGlobal
